
Microsoft Visual Studio Solution File, Format Version 12.00
# Visual Studio Version 17
VisualStudioVersion = 17.6.33723.286
MinimumVisualStudioVersion = 10.0.40219.1
Project("{9A19103F-16F7-4668-BE54-9A1E7A4F7556}") = "RazorPizzeria", "RazorPizzeria\RazorPizzeria.csproj", "{750D2002-67CB-4837-94A3-A610B74C3C97}"
EndProject
Global
	GlobalSection(SolutionConfigurationPlatforms) = preSolution
		Debug|Any CPU = Debug|Any CPU
		Release|Any CPU = Release|Any CPU
	EndGlobalSection
	GlobalSection(ProjectConfigurationPlatforms) = postSolution
		{750D2002-67CB-4837-94A3-A610B74C3C97}.Debug|Any CPU.ActiveCfg = Debug|Any CPU
		{750D2002-67CB-4837-94A3-A610B74C3C97}.Debug|Any CPU.Build.0 = Debug|Any CPU
		{750D2002-67CB-4837-94A3-A610B74C3C97}.Release|Any CPU.ActiveCfg = Release|Any CPU
		{750D2002-67CB-4837-94A3-A610B74C3C97}.Release|Any CPU.Build.0 = Release|Any CPU
	EndGlobalSection
	GlobalSection(SolutionProperties) = preSolution
		HideSolutionNode = FALSE
	EndGlobalSection
	GlobalSection(ExtensibilityGlobals) = postSolution
		SolutionGuid = {CDA7E352-4D17-461C-8CCF-BBCCC493D6D7}
	EndGlobalSection
EndGlobal
